
Microsoft Visual Studio Solution File, Format Version 12.00
# Visual Studio Version 17
VisualStudioVersion = 17.4.33122.133
MinimumVisualStudioVersion = 10.0.40219.1
Project("{9A19103F-16F7-4668-BE54-9A1E7A4F7556}") = "SMPT.Client", "SMPT.Client\SMPT.Client.csproj", "{06832DE1-94E7-4CA9-9E4D-FFA38F64A316}"
EndProject
Project("{9A19103F-16F7-4668-BE54-9A1E7A4F7556}") = "SMPT.Shared", "SMPT.Shared\SMPT.Shared.csproj", "{AA1FD800-2645-47E3-83FF-9BC63B265679}"
EndProject
Project("{9A19103F-16F7-4668-BE54-9A1E7A4F7556}") = "SMPT.Api", "SMPT.Api\SMPT.Api.csproj", "{6FBD5CD9-8CCE-44E6-BA1A-F24498ED74D9}"
EndProject
Project("{9A19103F-16F7-4668-BE54-9A1E7A4F7556}") = "SMTP.Entities", "SMTP.Entities\SMTP.Entities.csproj", "{F069BB1B-E5AC-43B5-92FD-68C4CE4E7B88}"
EndProject
Project("{9A19103F-16F7-4668-BE54-9A1E7A4F7556}") = "SMPT.DataServices", "SMPT.DataServices\SMPT.DataServices.csproj", "{8340986B-71F8-488B-B8A7-BEFC51944A0F}"
EndProject
Global
	GlobalSection(SolutionConfigurationPlatforms) = preSolution
		Debug|Any CPU = Debug|Any CPU
		Release|Any CPU = Release|Any CPU
	EndGlobalSection
	GlobalSection(ProjectConfigurationPlatforms) = postSolution
		{06832DE1-94E7-4CA9-9E4D-FFA38F64A316}.Debug|Any CPU.ActiveCfg = Debug|Any CPU
		{06832DE1-94E7-4CA9-9E4D-FFA38F64A316}.Debug|Any CPU.Build.0 = Debug|Any CPU
		{06832DE1-94E7-4CA9-9E4D-FFA38F64A316}.Release|Any CPU.ActiveCfg = Release|Any CPU
		{06832DE1-94E7-4CA9-9E4D-FFA38F64A316}.Release|Any CPU.Build.0 = Release|Any CPU
		{AA1FD800-2645-47E3-83FF-9BC63B265679}.Debug|Any CPU.ActiveCfg = Debug|Any CPU
		{AA1FD800-2645-47E3-83FF-9BC63B265679}.Debug|Any CPU.Build.0 = Debug|Any CPU
		{AA1FD800-2645-47E3-83FF-9BC63B265679}.Release|Any CPU.ActiveCfg = Release|Any CPU
		{AA1FD800-2645-47E3-83FF-9BC63B265679}.Release|Any CPU.Build.0 = Release|Any CPU
		{6FBD5CD9-8CCE-44E6-BA1A-F24498ED74D9}.Debug|Any CPU.ActiveCfg = Debug|Any CPU
		{6FBD5CD9-8CCE-44E6-BA1A-F24498ED74D9}.Debug|Any CPU.Build.0 = Debug|Any CPU
		{6FBD5CD9-8CCE-44E6-BA1A-F24498ED74D9}.Release|Any CPU.ActiveCfg = Release|Any CPU
		{6FBD5CD9-8CCE-44E6-BA1A-F24498ED74D9}.Release|Any CPU.Build.0 = Release|Any CPU
		{F069BB1B-E5AC-43B5-92FD-68C4CE4E7B88}.Debug|Any CPU.ActiveCfg = Debug|Any CPU
		{F069BB1B-E5AC-43B5-92FD-68C4CE4E7B88}.Debug|Any CPU.Build.0 = Debug|Any CPU
		{F069BB1B-E5AC-43B5-92FD-68C4CE4E7B88}.Release|Any CPU.ActiveCfg = Release|Any CPU
		{F069BB1B-E5AC-43B5-92FD-68C4CE4E7B88}.Release|Any CPU.Build.0 = Release|Any CPU
		{8340986B-71F8-488B-B8A7-BEFC51944A0F}.Debug|Any CPU.ActiveCfg = Debug|Any CPU
		{8340986B-71F8-488B-B8A7-BEFC51944A0F}.Debug|Any CPU.Build.0 = Debug|Any CPU
		{8340986B-71F8-488B-B8A7-BEFC51944A0F}.Release|Any CPU.ActiveCfg = Release|Any CPU
		{8340986B-71F8-488B-B8A7-BEFC51944A0F}.Release|Any CPU.Build.0 = Release|Any CPU
	EndGlobalSection
	GlobalSection(SolutionProperties) = preSolution
		HideSolutionNode = FALSE
	EndGlobalSection
	GlobalSection(ExtensibilityGlobals) = postSolution
		SolutionGuid = {35708269-2D26-4C0D-90B2-553420450556}
	EndGlobalSection
EndGlobal
